
Microsoft Visual Studio Solution File, Format Version 12.00
# Visual Studio Version 16
VisualStudioVersion = 16.0.29503.13
MinimumVisualStudioVersion = 10.0.40219.1
Project("{FAE04EC0-301F-11D3-BF4B-00C04F79EFBC}") = "WebApi", "WebApi\WebApi.csproj", "{6185BC9D-0C33-43AA-93B7-59CBC3FBDF79}"
EndProject
Project("{FAE04EC0-301F-11D3-BF4B-00C04F79EFBC}") = "BLL", "BLL\BLL.csproj", "{B85F7B32-867D-4DA6-A731-2446E4B3FF89}"
EndProject
Project("{FAE04EC0-301F-11D3-BF4B-00C04F79EFBC}") = "IBLL", "IBLL\IBLL.csproj", "{A4EF76B5-D8A8-45E8-917D-C23B229DC8D8}"
EndProject
Project("{FAE04EC0-301F-11D3-BF4B-00C04F79EFBC}") = "Model", "Model\Model.csproj", "{20CB0EFC-8A73-4929-A01A-5E0AA3D0DAA8}"
EndProject
Project("{FAE04EC0-301F-11D3-BF4B-00C04F79EFBC}") = "Service.Utility", "Service\Service.Utility.csproj", "{3DF09B82-DC0F-4F3A-A783-F025EAC65CF7}"
EndProject
Global
	GlobalSection(SolutionConfigurationPlatforms) = preSolution
		Debug|Any CPU = Debug|Any CPU
		Release|Any CPU = Release|Any CPU
	EndGlobalSection
	GlobalSection(ProjectConfigurationPlatforms) = postSolution
		{6185BC9D-0C33-43AA-93B7-59CBC3FBDF79}.Debug|Any CPU.ActiveCfg = Debug|Any CPU
		{6185BC9D-0C33-43AA-93B7-59CBC3FBDF79}.Debug|Any CPU.Build.0 = Debug|Any CPU
		{6185BC9D-0C33-43AA-93B7-59CBC3FBDF79}.Release|Any CPU.ActiveCfg = Release|Any CPU
		{6185BC9D-0C33-43AA-93B7-59CBC3FBDF79}.Release|Any CPU.Build.0 = Release|Any CPU
		{B85F7B32-867D-4DA6-A731-2446E4B3FF89}.Debug|Any CPU.ActiveCfg = Debug|Any CPU
		{B85F7B32-867D-4DA6-A731-2446E4B3FF89}.Debug|Any CPU.Build.0 = Debug|Any CPU
		{B85F7B32-867D-4DA6-A731-2446E4B3FF89}.Release|Any CPU.ActiveCfg = Release|Any CPU
		{B85F7B32-867D-4DA6-A731-2446E4B3FF89}.Release|Any CPU.Build.0 = Release|Any CPU
		{A4EF76B5-D8A8-45E8-917D-C23B229DC8D8}.Debug|Any CPU.ActiveCfg = Debug|Any CPU
		{A4EF76B5-D8A8-45E8-917D-C23B229DC8D8}.Debug|Any CPU.Build.0 = Debug|Any CPU
		{A4EF76B5-D8A8-45E8-917D-C23B229DC8D8}.Release|Any CPU.ActiveCfg = Release|Any CPU
		{A4EF76B5-D8A8-45E8-917D-C23B229DC8D8}.Release|Any CPU.Build.0 = Release|Any CPU
		{20CB0EFC-8A73-4929-A01A-5E0AA3D0DAA8}.Debug|Any CPU.ActiveCfg = Debug|Any CPU
		{20CB0EFC-8A73-4929-A01A-5E0AA3D0DAA8}.Debug|Any CPU.Build.0 = Debug|Any CPU
		{20CB0EFC-8A73-4929-A01A-5E0AA3D0DAA8}.Release|Any CPU.ActiveCfg = Release|Any CPU
		{20CB0EFC-8A73-4929-A01A-5E0AA3D0DAA8}.Release|Any CPU.Build.0 = Release|Any CPU
		{3DF09B82-DC0F-4F3A-A783-F025EAC65CF7}.Debug|Any CPU.ActiveCfg = Debug|Any CPU
		{3DF09B82-DC0F-4F3A-A783-F025EAC65CF7}.Debug|Any CPU.Build.0 = Debug|Any CPU
		{3DF09B82-DC0F-4F3A-A783-F025EAC65CF7}.Release|Any CPU.ActiveCfg = Release|Any CPU
		{3DF09B82-DC0F-4F3A-A783-F025EAC65CF7}.Release|Any CPU.Build.0 = Release|Any CPU
	EndGlobalSection
	GlobalSection(SolutionProperties) = preSolution
		HideSolutionNode = FALSE
	EndGlobalSection
	GlobalSection(ExtensibilityGlobals) = postSolution
		SolutionGuid = {873B6384-CE47-4D57-8559-80501A045FAD}
	EndGlobalSection
EndGlobal
